// !$*UTF8*$!
{
	archiveVersion = 1;
	classes = {
	};
	objectVersion = 55;
	objects = {

/* Begin PBXBuildFile section */
		8677812E71E90B98A7C662F6 /* Pods_CTIosIntegration_CTIosIntegrationUITests.framework in Frameworks */ = {isa = PBXBuildFile; fileRef = 6FAF0DF616A8738EE0F695CA /* Pods_CTIosIntegration_CTIosIntegrationUITests.framework */; };
		8987CB9BE388FBC4189CF7BE /* Pods_CTIosIntegrationTests.framework in Frameworks */ = {isa = PBXBuildFile; fileRef = 645FBDA90EEFEA420865EFF8 /* Pods_CTIosIntegrationTests.framework */; };
		D66AD9C1291CE00400D64A95 /* CTIosIntegrationApp.swift in Sources */ = {isa = PBXBuildFile; fileRef = D66AD9C0291CE00400D64A95 /* CTIosIntegrationApp.swift */; };
		D66AD9C3291CE00400D64A95 /* ContentView.swift in Sources */ = {isa = PBXBuildFile; fileRef = D66AD9C2291CE00400D64A95 /* ContentView.swift */; };
		D66AD9C5291CE00600D64A95 /* Assets.xcassets in Resources */ = {isa = PBXBuildFile; fileRef = D66AD9C4291CE00600D64A95 /* Assets.xcassets */; };
		D66AD9C8291CE00600D64A95 /* Preview Assets.xcassets in Resources */ = {isa = PBXBuildFile; fileRef = D66AD9C7291CE00600D64A95 /* Preview Assets.xcassets */; };
		D66AD9D2291CE00600D64A95 /* CTIosIntegrationTests.swift in Sources */ = {isa = PBXBuildFile; fileRef = D66AD9D1291CE00600D64A95 /* CTIosIntegrationTests.swift */; };
		D66AD9DC291CE00600D64A95 /* CTIosIntegrationUITests.swift in Sources */ = {isa = PBXBuildFile; fileRef = D66AD9DB291CE00600D64A95 /* CTIosIntegrationUITests.swift */; };
		D66AD9DE291CE00600D64A95 /* CTIosIntegrationUITestsLaunchTests.swift in Sources */ = {isa = PBXBuildFile; fileRef = D66AD9DD291CE00600D64A95 /* CTIosIntegrationUITestsLaunchTests.swift */; };
		E193020D3C6746D884AEA051 /* Pods_CTIosIntegration.framework in Frameworks */ = {isa = PBXBuildFile; fileRef = AFDC833B8696C53C1ECFE905 /* Pods_CTIosIntegration.framework */; };
/* End PBXBuildFile section */

/* Begin PBXContainerItemProxy section */
		D66AD9CE291CE00600D64A95 /* PBXContainerItemProxy */ = {
			isa = PBXContainerItemProxy;
			containerPortal = D66AD9B5291CE00400D64A95 /* Project object */;
			proxyType = 1;
			remoteGlobalIDString = D66AD9BC291CE00400D64A95;
			remoteInfo = CTIosIntegration;
		};
		D66AD9D8291CE00600D64A95 /* PBXContainerItemProxy */ = {
			isa = PBXContainerItemProxy;
			containerPortal = D66AD9B5291CE00400D64A95 /* Project object */;
			proxyType = 1;
			remoteGlobalIDString = D66AD9BC291CE00400D64A95;
			remoteInfo = CTIosIntegration;
		};
/* End PBXContainerItemProxy section */

/* Begin PBXFileReference section */
		16C4F595101736FAE595C2DB /* Pods-CTIosIntegration-CTIosIntegrationUITests.release.xcconfig */ = {isa = PBXFileReference; includeInIndex = 1; lastKnownFileType = text.xcconfig; name = "Pods-CTIosIntegration-CTIosIntegrationUITests.release.xcconfig"; path = "Target Support Files/Pods-CTIosIntegration-CTIosIntegrationUITests/Pods-CTIosIntegration-CTIosIntegrationUITests.release.xcconfig"; sourceTree = "<group>"; };
		529E805D2F55447865A39DFF /* Pods-CTIosIntegration.debug.xcconfig */ = {isa = PBXFileReference; includeInIndex = 1; lastKnownFileType = text.xcconfig; name = "Pods-CTIosIntegration.debug.xcconfig"; path = "Target Support Files/Pods-CTIosIntegration/Pods-CTIosIntegration.debug.xcconfig"; sourceTree = "<group>"; };
		583A4D4D24805EB858AEE477 /* Pods-CTIosIntegrationTests.debug.xcconfig */ = {isa = PBXFileReference; includeInIndex = 1; lastKnownFileType = text.xcconfig; name = "Pods-CTIosIntegrationTests.debug.xcconfig"; path = "Target Support Files/Pods-CTIosIntegrationTests/Pods-CTIosIntegrationTests.debug.xcconfig"; sourceTree = "<group>"; };
		645FBDA90EEFEA420865EFF8 /* Pods_CTIosIntegrationTests.framework */ = {isa = PBXFileReference; explicitFileType = wrapper.framework; includeInIndex = 0; path = Pods_CTIosIntegrationTests.framework; sourceTree = BUILT_PRODUCTS_DIR; };
		6FAF0DF616A8738EE0F695CA /* Pods_CTIosIntegration_CTIosIntegrationUITests.framework */ = {isa = PBXFileReference; explicitFileType = wrapper.framework; includeInIndex = 0; path = Pods_CTIosIntegration_CTIosIntegrationUITests.framework; sourceTree = BUILT_PRODUCTS_DIR; };
		AFDC833B8696C53C1ECFE905 /* Pods_CTIosIntegration.framework */ = {isa = PBXFileReference; explicitFileType = wrapper.framework; includeInIndex = 0; path = Pods_CTIosIntegration.framework; sourceTree = BUILT_PRODUCTS_DIR; };
		C71D8E047AA20464B24734D8 /* Pods-CTIosIntegration.release.xcconfig */ = {isa = PBXFileReference; includeInIndex = 1; lastKnownFileType = text.xcconfig; name = "Pods-CTIosIntegration.release.xcconfig"; path = "Target Support Files/Pods-CTIosIntegration/Pods-CTIosIntegration.release.xcconfig"; sourceTree = "<group>"; };
		D66AD9BD291CE00400D64A95 /* CTIosIntegration.app */ = {isa = PBXFileReference; explicitFileType = wrapper.application; includeInIndex = 0; path = CTIosIntegration.app; sourceTree = BUILT_PRODUCTS_DIR; };
		D66AD9C0291CE00400D64A95 /* CTIosIntegrationApp.swift */ = {isa = PBXFileReference; lastKnownFileType = sourcecode.swift; path = CTIosIntegrationApp.swift; sourceTree = "<group>"; };
		D66AD9C2291CE00400D64A95 /* ContentView.swift */ = {isa = PBXFileReference; lastKnownFileType = sourcecode.swift; path = ContentView.swift; sourceTree = "<group>"; };
		D66AD9C4291CE00600D64A95 /* Assets.xcassets */ = {isa = PBXFileReference; lastKnownFileType = folder.assetcatalog; path = Assets.xcassets; sourceTree = "<group>"; };
		D66AD9C7291CE00600D64A95 /* Preview Assets.xcassets */ = {isa = PBXFileReference; lastKnownFileType = folder.assetcatalog; path = "Preview Assets.xcassets"; sourceTree = "<group>"; };
		D66AD9CD291CE00600D64A95 /* CTIosIntegrationTests.xctest */ = {isa = PBXFileReference; explicitFileType = wrapper.cfbundle; includeInIndex = 0; path = CTIosIntegrationTests.xctest; sourceTree = BUILT_PRODUCTS_DIR; };
		D66AD9D1291CE00600D64A95 /* CTIosIntegrationTests.swift */ = {isa = PBXFileReference; lastKnownFileType = sourcecode.swift; path = CTIosIntegrationTests.swift; sourceTree = "<group>"; };
		D66AD9D7291CE00600D64A95 /* CTIosIntegrationUITests.xctest */ = {isa = PBXFileReference; explicitFileType = wrapper.cfbundle; includeInIndex = 0; path = CTIosIntegrationUITests.xctest; sourceTree = BUILT_PRODUCTS_DIR; };
		D66AD9DB291CE00600D64A95 /* CTIosIntegrationUITests.swift */ = {isa = PBXFileReference; lastKnownFileType = sourcecode.swift; path = CTIosIntegrationUITests.swift; sourceTree = "<group>"; };
		D66AD9DD291CE00600D64A95 /* CTIosIntegrationUITestsLaunchTests.swift */ = {isa = PBXFileReference; lastKnownFileType = sourcecode.swift; path = CTIosIntegrationUITestsLaunchTests.swift; sourceTree = "<group>"; };
		D6E0CB5C291D008900A8DF14 /* Info.plist */ = {isa = PBXFileReference; lastKnownFileType = text.plist; path = Info.plist; sourceTree = "<group>"; };
		DCCAAE6F19563795D151F904 /* Pods-CTIosIntegration-CTIosIntegrationUITests.debug.xcconfig */ = {isa = PBXFileReference; includeInIndex = 1; lastKnownFileType = text.xcconfig; name = "Pods-CTIosIntegration-CTIosIntegrationUITests.debug.xcconfig"; path = "Target Support Files/Pods-CTIosIntegration-CTIosIntegrationUITests/Pods-CTIosIntegration-CTIosIntegrationUITests.debug.xcconfig"; sourceTree = "<group>"; };
		E83109FEE8B0D7CD10AF3041 /* Pods-CTIosIntegrationTests.release.xcconfig */ = {isa = PBXFileReference; includeInIndex = 1; lastKnownFileType = text.xcconfig; name = "Pods-CTIosIntegrationTests.release.xcconfig"; path = "Target Support Files/Pods-CTIosIntegrationTests/Pods-CTIosIntegrationTests.release.xcconfig"; sourceTree = "<group>"; };
/* End PBXFileReference section */

/* Begin PBXFrameworksBuildPhase section */
		D66AD9BA291CE00400D64A95 /* Frameworks */ = {
			isa = PBXFrameworksBuildPhase;
			buildActionMask = 2147483647;
			files = (
				E193020D3C6746D884AEA051 /* Pods_CTIosIntegration.framework in Frameworks */,
			);
			runOnlyForDeploymentPostprocessing = 0;
		};
		D66AD9CA291CE00600D64A95 /* Frameworks */ = {
			isa = PBXFrameworksBuildPhase;
			buildActionMask = 2147483647;
			files = (
				8987CB9BE388FBC4189CF7BE /* Pods_CTIosIntegrationTests.framework in Frameworks */,
			);
			runOnlyForDeploymentPostprocessing = 0;
		};
		D66AD9D4291CE00600D64A95 /* Frameworks */ = {
			isa = PBXFrameworksBuildPhase;
			buildActionMask = 2147483647;
			files = (
				8677812E71E90B98A7C662F6 /* Pods_CTIosIntegration_CTIosIntegrationUITests.framework in Frameworks */,
			);
			runOnlyForDeploymentPostprocessing = 0;
		};
/* End PBXFrameworksBuildPhase section */

/* Begin PBXGroup section */
		59904851D57CF7EECC4F26B8 /* Frameworks */ = {
			isa = PBXGroup;
			children = (
				AFDC833B8696C53C1ECFE905 /* Pods_CTIosIntegration.framework */,
				6FAF0DF616A8738EE0F695CA /* Pods_CTIosIntegration_CTIosIntegrationUITests.framework */,
				645FBDA90EEFEA420865EFF8 /* Pods_CTIosIntegrationTests.framework */,
			);
			name = Frameworks;
			sourceTree = "<group>";
		};
		800E94613EA0C5FB360C4B2B /* Pods */ = {
			isa = PBXGroup;
			children = (
				529E805D2F55447865A39DFF /* Pods-CTIosIntegration.debug.xcconfig */,
				C71D8E047AA20464B24734D8 /* Pods-CTIosIntegration.release.xcconfig */,
				DCCAAE6F19563795D151F904 /* Pods-CTIosIntegration-CTIosIntegrationUITests.debug.xcconfig */,
				16C4F595101736FAE595C2DB /* Pods-CTIosIntegration-CTIosIntegrationUITests.release.xcconfig */,
				583A4D4D24805EB858AEE477 /* Pods-CTIosIntegrationTests.debug.xcconfig */,
				E83109FEE8B0D7CD10AF3041 /* Pods-CTIosIntegrationTests.release.xcconfig */,
			);
			path = Pods;
			sourceTree = "<group>";
		};
		D66AD9B4291CE00400D64A95 = {
			isa = PBXGroup;
			children = (
				D66AD9BF291CE00400D64A95 /* CTIosIntegration */,
				D66AD9D0291CE00600D64A95 /* CTIosIntegrationTests */,
				D66AD9DA291CE00600D64A95 /* CTIosIntegrationUITests */,
				D66AD9BE291CE00400D64A95 /* Products */,
				800E94613EA0C5FB360C4B2B /* Pods */,
				59904851D57CF7EECC4F26B8 /* Frameworks */,
			);
			sourceTree = "<group>";
		};
		D66AD9BE291CE00400D64A95 /* Products */ = {
			isa = PBXGroup;
			children = (
				D66AD9BD291CE00400D64A95 /* CTIosIntegration.app */,
				D66AD9CD291CE00600D64A95 /* CTIosIntegrationTests.xctest */,
				D66AD9D7291CE00600D64A95 /* CTIosIntegrationUITests.xctest */,
			);
			name = Products;
			sourceTree = "<group>";
		};
		D66AD9BF291CE00400D64A95 /* CTIosIntegration */ = {
			isa = PBXGroup;
			children = (
				D6E0CB5C291D008900A8DF14 /* Info.plist */,
				D66AD9C0291CE00400D64A95 /* CTIosIntegrationApp.swift */,
				D66AD9C2291CE00400D64A95 /* ContentView.swift */,
				D66AD9C4291CE00600D64A95 /* Assets.xcassets */,
				D66AD9C6291CE00600D64A95 /* Preview Content */,
			);
			path = CTIosIntegration;
			sourceTree = "<group>";
		};
		D66AD9C6291CE00600D64A95 /* Preview Content */ = {
			isa = PBXGroup;
			children = (
				D66AD9C7291CE00600D64A95 /* Preview Assets.xcassets */,
			);
			path = "Preview Content";
			sourceTree = "<group>";
		};
		D66AD9D0291CE00600D64A95 /* CTIosIntegrationTests */ = {
			isa = PBXGroup;
			children = (
				D66AD9D1291CE00600D64A95 /* CTIosIntegrationTests.swift */,
			);
			path = CTIosIntegrationTests;
			sourceTree = "<group>";
		};
		D66AD9DA291CE00600D64A95 /* CTIosIntegrationUITests */ = {
			isa = PBXGroup;
			children = (
				D66AD9DB291CE00600D64A95 /* CTIosIntegrationUITests.swift */,
				D66AD9DD291CE00600D64A95 /* CTIosIntegrationUITestsLaunchTests.swift */,
			);
			path = CTIosIntegrationUITests;
			sourceTree = "<group>";
		};
/* End PBXGroup section */

/* Begin PBXNativeTarget section */
		D66AD9BC291CE00400D64A95 /* CTIosIntegration */ = {
			isa = PBXNativeTarget;
			buildConfigurationList = D66AD9E1291CE00600D64A95 /* Build configuration list for PBXNativeTarget "CTIosIntegration" */;
			buildPhases = (
				AFAC642CFA23457A43229324 /* [CP] Check Pods Manifest.lock */,
				D66AD9B9291CE00400D64A95 /* Sources */,
				D66AD9BA291CE00400D64A95 /* Frameworks */,
				D66AD9BB291CE00400D64A95 /* Resources */,
				0752B03AB57522253EB914E5 /* [CP] Embed Pods Frameworks */,
			);
			buildRules = (
			);
			dependencies = (
			);
			name = CTIosIntegration;
			productName = CTIosIntegration;
			productReference = D66AD9BD291CE00400D64A95 /* CTIosIntegration.app */;
			productType = "com.apple.product-type.application";
		};
		D66AD9CC291CE00600D64A95 /* CTIosIntegrationTests */ = {
			isa = PBXNativeTarget;
			buildConfigurationList = D66AD9E4291CE00600D64A95 /* Build configuration list for PBXNativeTarget "CTIosIntegrationTests" */;
			buildPhases = (
				8EAD801D7E8D9ACE9A74AA3F /* [CP] Check Pods Manifest.lock */,
				D66AD9C9291CE00600D64A95 /* Sources */,
				D66AD9CA291CE00600D64A95 /* Frameworks */,
				D66AD9CB291CE00600D64A95 /* Resources */,
			);
			buildRules = (
			);
			dependencies = (
				D66AD9CF291CE00600D64A95 /* PBXTargetDependency */,
			);
			name = CTIosIntegrationTests;
			productName = CTIosIntegrationTests;
			productReference = D66AD9CD291CE00600D64A95 /* CTIosIntegrationTests.xctest */;
			productType = "com.apple.product-type.bundle.unit-test";
		};
		D66AD9D6291CE00600D64A95 /* CTIosIntegrationUITests */ = {
			isa = PBXNativeTarget;
			buildConfigurationList = D66AD9E7291CE00600D64A95 /* Build configuration list for PBXNativeTarget "CTIosIntegrationUITests" */;
			buildPhases = (
				E326A622A05C8E32A2817EED /* [CP] Check Pods Manifest.lock */,
				D66AD9D3291CE00600D64A95 /* Sources */,
				D66AD9D4291CE00600D64A95 /* Frameworks */,
				D66AD9D5291CE00600D64A95 /* Resources */,
				5EC8A6C72F5041E22815F69D /* [CP] Embed Pods Frameworks */,
			);
			buildRules = (
			);
			dependencies = (
				D66AD9D9291CE00600D64A95 /* PBXTargetDependency */,
			);
			name = CTIosIntegrationUITests;
			productName = CTIosIntegrationUITests;
			productReference = D66AD9D7291CE00600D64A95 /* CTIosIntegrationUITests.xctest */;
			productType = "com.apple.product-type.bundle.ui-testing";
		};
/* End PBXNativeTarget section */

/* Begin PBXProject section */
		D66AD9B5291CE00400D64A95 /* Project object */ = {
			isa = PBXProject;
			attributes = {
				BuildIndependentTargetsInParallel = 1;
				LastSwiftUpdateCheck = 1320;
				LastUpgradeCheck = 1320;
				TargetAttributes = {
					D66AD9BC291CE00400D64A95 = {
						CreatedOnToolsVersion = 13.2.1;
					};
					D66AD9CC291CE00600D64A95 = {
						CreatedOnToolsVersion = 13.2.1;
						TestTargetID = D66AD9BC291CE00400D64A95;
					};
					D66AD9D6291CE00600D64A95 = {
						CreatedOnToolsVersion = 13.2.1;
						TestTargetID = D66AD9BC291CE00400D64A95;
					};
				};
			};
			buildConfigurationList = D66AD9B8291CE00400D64A95 /* Build configuration list for PBXProject "CTIosIntegration" */;
			compatibilityVersion = "Xcode 13.0";
			developmentRegion = en;
			hasScannedForEncodings = 0;
			knownRegions = (
				en,
				Base,
			);
			mainGroup = D66AD9B4291CE00400D64A95;
			productRefGroup = D66AD9BE291CE00400D64A95 /* Products */;
			projectDirPath = "";
			projectRoot = "";
			targets = (
				D66AD9BC291CE00400D64A95 /* CTIosIntegration */,
				D66AD9CC291CE00600D64A95 /* CTIosIntegrationTests */,
				D66AD9D6291CE00600D64A95 /* CTIosIntegrationUITests */,
			);
		};
/* End PBXProject section */

/* Begin PBXResourcesBuildPhase section */
		D66AD9BB291CE00400D64A95 /* Resources */ = {
			isa = PBXResourcesBuildPhase;
			buildActionMask = 2147483647;
			files = (
				D66AD9C8291CE00600D64A95 /* Preview Assets.xcassets in Resources */,
				D66AD9C5291CE00600D64A95 /* Assets.xcassets in Resources */,
			);
			runOnlyForDeploymentPostprocessing = 0;
		};
		D66AD9CB291CE00600D64A95 /* Resources */ = {
			isa = PBXResourcesBuildPhase;
			buildActionMask = 2147483647;
			files = (
			);
			runOnlyForDeploymentPostprocessing = 0;
		};
		D66AD9D5291CE00600D64A95 /* Resources */ = {
			isa = PBXResourcesBuildPhase;
			buildActionMask = 2147483647;
			files = (
			);
			runOnlyForDeploymentPostprocessing = 0;
		};
/* End PBXResourcesBuildPhase section */

/* Begin PBXShellScriptBuildPhase section */
		0752B03AB57522253EB914E5 /* [CP] Embed Pods Frameworks */ = {
			isa = PBXShellScriptBuildPhase;
			buildActionMask = 2147483647;
			files = (
			);
			inputFileListPaths = (
				"${PODS_ROOT}/Target Support Files/Pods-CTIosIntegration/Pods-CTIosIntegration-frameworks-${CONFIGURATION}-input-files.xcfilelist",
			);
			name = "[CP] Embed Pods Frameworks";
			outputFileListPaths = (
				"${PODS_ROOT}/Target Support Files/Pods-CTIosIntegration/Pods-CTIosIntegration-frameworks-${CONFIGURATION}-output-files.xcfilelist",
			);
			runOnlyForDeploymentPostprocessing = 0;
			shellPath = /bin/sh;
			shellScript = "\"${PODS_ROOT}/Target Support Files/Pods-CTIosIntegration/Pods-CTIosIntegration-frameworks.sh\"\n";
			showEnvVarsInLog = 0;
		};
		5EC8A6C72F5041E22815F69D /* [CP] Embed Pods Frameworks */ = {
			isa = PBXShellScriptBuildPhase;
			buildActionMask = 2147483647;
			files = (
			);
			inputFileListPaths = (
				"${PODS_ROOT}/Target Support Files/Pods-CTIosIntegration-CTIosIntegrationUITests/Pods-CTIosIntegration-CTIosIntegrationUITests-frameworks-${CONFIGURATION}-input-files.xcfilelist",
			);
			name = "[CP] Embed Pods Frameworks";
			outputFileListPaths = (
				"${PODS_ROOT}/Target Support Files/Pods-CTIosIntegration-CTIosIntegrationUITests/Pods-CTIosIntegration-CTIosIntegrationUITests-frameworks-${CONFIGURATION}-output-files.xcfilelist",
			);
			runOnlyForDeploymentPostprocessing = 0;
			shellPath = /bin/sh;
			shellScript = "\"${PODS_ROOT}/Target Support Files/Pods-CTIosIntegration-CTIosIntegrationUITests/Pods-CTIosIntegration-CTIosIntegrationUITests-frameworks.sh\"\n";
			showEnvVarsInLog = 0;
		};
		8EAD801D7E8D9ACE9A74AA3F /* [CP] Check Pods Manifest.lock */ = {
			isa = PBXShellScriptBuildPhase;
			buildActionMask = 2147483647;
			files = (
			);
			inputFileListPaths = (
			);
			inputPaths = (
				"${PODS_PODFILE_DIR_PATH}/Podfile.lock",
				"${PODS_ROOT}/Manifest.lock",
			);
			name = "[CP] Check Pods Manifest.lock";
			outputFileListPaths = (
			);
			outputPaths = (
				"$(DERIVED_FILE_DIR)/Pods-CTIosIntegrationTests-checkManifestLockResult.txt",
			);
			runOnlyForDeploymentPostprocessing = 0;
			shellPath = /bin/sh;
			shellScript = "diff \"${PODS_PODFILE_DIR_PATH}/Podfile.lock\" \"${PODS_ROOT}/Manifest.lock\" > /dev/null\nif [ $? != 0 ] ; then\n    # print error to STDERR\n    echo \"error: The sandbox is not in sync with the Podfile.lock. Run 'pod install' or update your CocoaPods installation.\" >&2\n    exit 1\nfi\n# This output is used by Xcode 'outputs' to avoid re-running this script phase.\necho \"SUCCESS\" > \"${SCRIPT_OUTPUT_FILE_0}\"\n";
			showEnvVarsInLog = 0;
		};
		AFAC642CFA23457A43229324 /* [CP] Check Pods Manifest.lock */ = {
			isa = PBXShellScriptBuildPhase;
			buildActionMask = 2147483647;
			files = (
			);
			inputFileListPaths = (
			);
			inputPaths = (
				"${PODS_PODFILE_DIR_PATH}/Podfile.lock",
				"${PODS_ROOT}/Manifest.lock",
			);
			name = "[CP] Check Pods Manifest.lock";
			outputFileListPaths = (
			);
			outputPaths = (
				"$(DERIVED_FILE_DIR)/Pods-CTIosIntegration-checkManifestLockResult.txt",
			);
			runOnlyForDeploymentPostprocessing = 0;
			shellPath = /bin/sh;
			shellScript = "diff \"${PODS_PODFILE_DIR_PATH}/Podfile.lock\" \"${PODS_ROOT}/Manifest.lock\" > /dev/null\nif [ $? != 0 ] ; then\n    # print error to STDERR\n    echo \"error: The sandbox is not in sync with the Podfile.lock. Run 'pod install' or update your CocoaPods installation.\" >&2\n    exit 1\nfi\n# This output is used by Xcode 'outputs' to avoid re-running this script phase.\necho \"SUCCESS\" > \"${SCRIPT_OUTPUT_FILE_0}\"\n";
			showEnvVarsInLog = 0;
		};
		E326A622A05C8E32A2817EED /* [CP] Check Pods Manifest.lock */ = {
			isa = PBXShellScriptBuildPhase;
			buildActionMask = 2147483647;
			files = (
			);
			inputFileListPaths = (
			);
			inputPaths = (
				"${PODS_PODFILE_DIR_PATH}/Podfile.lock",
				"${PODS_ROOT}/Manifest.lock",
			);
			name = "[CP] Check Pods Manifest.lock";
			outputFileListPaths = (
			);
			outputPaths = (
				"$(DERIVED_FILE_DIR)/Pods-CTIosIntegration-CTIosIntegrationUITests-checkManifestLockResult.txt",
			);
			runOnlyForDeploymentPostprocessing = 0;
			shellPath = /bin/sh;
			shellScript = "diff \"${PODS_PODFILE_DIR_PATH}/Podfile.lock\" \"${PODS_ROOT}/Manifest.lock\" > /dev/null\nif [ $? != 0 ] ; then\n    # print error to STDERR\n    echo \"error: The sandbox is not in sync with the Podfile.lock. Run 'pod install' or update your CocoaPods installation.\" >&2\n    exit 1\nfi\n# This output is used by Xcode 'outputs' to avoid re-running this script phase.\necho \"SUCCESS\" > \"${SCRIPT_OUTPUT_FILE_0}\"\n";
			showEnvVarsInLog = 0;
		};
/* End PBXShellScriptBuildPhase section */

/* Begin PBXSourcesBuildPhase section */
		D66AD9B9291CE00400D64A95 /* Sources */ = {
			isa = PBXSourcesBuildPhase;
			buildActionMask = 2147483647;
			files = (
				D66AD9C3291CE00400D64A95 /* ContentView.swift in Sources */,
				D66AD9C1291CE00400D64A95 /* CTIosIntegrationApp.swift in Sources */,
			);
			runOnlyForDeploymentPostprocessing = 0;
		};
		D66AD9C9291CE00600D64A95 /* Sources */ = {
			isa = PBXSourcesBuildPhase;
			buildActionMask = 2147483647;
			files = (
				D66AD9D2291CE00600D64A95 /* CTIosIntegrationTests.swift in Sources */,
			);
			runOnlyForDeploymentPostprocessing = 0;
		};
		D66AD9D3291CE00600D64A95 /* Sources */ = {
			isa = PBXSourcesBuildPhase;
			buildActionMask = 2147483647;
			files = (
				D66AD9DE291CE00600D64A95 /* CTIosIntegrationUITestsLaunchTests.swift in Sources */,
				D66AD9DC291CE00600D64A95 /* CTIosIntegrationUITests.swift in Sources */,
			);
			runOnlyForDeploymentPostprocessing = 0;
		};
/* End PBXSourcesBuildPhase section */

/* Begin PBXTargetDependency section */
		D66AD9CF291CE00600D64A95 /* PBXTargetDependency */ = {
			isa = PBXTargetDependency;
			target = D66AD9BC291CE00400D64A95 /* CTIosIntegration */;
			targetProxy = D66AD9CE291CE00600D64A95 /* PBXContainerItemProxy */;
		};
		D66AD9D9291CE00600D64A95 /* PBXTargetDependency */ = {
			isa = PBXTargetDependency;
			target = D66AD9BC291CE00400D64A95 /* CTIosIntegration */;
			targetProxy = D66AD9D8291CE00600D64A95 /* PBXContainerItemProxy */;
		};
/* End PBXTargetDependency section */

/* Begin XCBuildConfiguration section */
		D66AD9DF291CE00600D64A95 /* Debug */ = {
			isa = XCBuildConfiguration;
			buildSettings = {
				ALWAYS_SEARCH_USER_PATHS = NO;
				CLANG_ANALYZER_NONNULL = YES;
				CLANG_ANALYZER_NUMBER_OBJECT_CONVERSION = YES_AGGRESSIVE;
				CLANG_CXX_LANGUAGE_STANDARD = "gnu++17";
				CLANG_CXX_LIBRARY = "libc++";
				CLANG_ENABLE_MODULES = YES;
				CLANG_ENABLE_OBJC_ARC = YES;
				CLANG_ENABLE_OBJC_WEAK = YES;
				CLANG_WARN_BLOCK_CAPTURE_AUTORELEASING = YES;
				CLANG_WARN_BOOL_CONVERSION = YES;
				CLANG_WARN_COMMA = YES;
				CLANG_WARN_CONSTANT_CONVERSION = YES;
				CLANG_WARN_DEPRECATED_OBJC_IMPLEMENTATIONS = YES;
				CLANG_WARN_DIRECT_OBJC_ISA_USAGE = YES_ERROR;
				CLANG_WARN_DOCUMENTATION_COMMENTS = YES;
				CLANG_WARN_EMPTY_BODY = YES;
				CLANG_WARN_ENUM_CONVERSION = YES;
				CLANG_WARN_INFINITE_RECURSION = YES;
				CLANG_WARN_INT_CONVERSION = YES;
				CLANG_WARN_NON_LITERAL_NULL_CONVERSION = YES;
				CLANG_WARN_OBJC_IMPLICIT_RETAIN_SELF = YES;
				CLANG_WARN_OBJC_LITERAL_CONVERSION = YES;
				CLANG_WARN_OBJC_ROOT_CLASS = YES_ERROR;
				CLANG_WARN_QUOTED_INCLUDE_IN_FRAMEWORK_HEADER = YES;
				CLANG_WARN_RANGE_LOOP_ANALYSIS = YES;
				CLANG_WARN_STRICT_PROTOTYPES = YES;
				CLANG_WARN_SUSPICIOUS_MOVE = YES;
				CLANG_WARN_UNGUARDED_AVAILABILITY = YES_AGGRESSIVE;
				CLANG_WARN_UNREACHABLE_CODE = YES;
				CLANG_WARN__DUPLICATE_METHOD_MATCH = YES;
				COPY_PHASE_STRIP = NO;
				DEBUG_INFORMATION_FORMAT = dwarf;
				ENABLE_STRICT_OBJC_MSGSEND = YES;
				ENABLE_TESTABILITY = YES;
				GCC_C_LANGUAGE_STANDARD = gnu11;
				GCC_DYNAMIC_NO_PIC = NO;
				GCC_NO_COMMON_BLOCKS = YES;
				GCC_OPTIMIZATION_LEVEL = 0;
				GCC_PREPROCESSOR_DEFINITIONS = "CLEVERTAP_LOCATION=1";
				GCC_WARN_64_TO_32_BIT_CONVERSION = YES;
				GCC_WARN_ABOUT_RETURN_TYPE = YES_ERROR;
				GCC_WARN_UNDECLARED_SELECTOR = YES;
				GCC_WARN_UNINITIALIZED_AUTOS = YES_AGGRESSIVE;
				GCC_WARN_UNUSED_FUNCTION = YES;
				GCC_WARN_UNUSED_VARIABLE = YES;
				IPHONEOS_DEPLOYMENT_TARGET = 15.2;
				MTL_ENABLE_DEBUG_INFO = INCLUDE_SOURCE;
				MTL_FAST_MATH = YES;
				ONLY_ACTIVE_ARCH = YES;
				SDKROOT = iphoneos;
				SWIFT_ACTIVE_COMPILATION_CONDITIONS = DEBUG;
				SWIFT_OPTIMIZATION_LEVEL = "-Onone";
			};
			name = Debug;
		};
		D66AD9E0291CE00600D64A95 /* Release */ = {
			isa = XCBuildConfiguration;
			buildSettings = {
				ALWAYS_SEARCH_USER_PATHS = NO;
				CLANG_ANALYZER_NONNULL = YES;
				CLANG_ANALYZER_NUMBER_OBJECT_CONVERSION = YES_AGGRESSIVE;
				CLANG_CXX_LANGUAGE_STANDARD = "gnu++17";
				CLANG_CXX_LIBRARY = "libc++";
				CLANG_ENABLE_MODULES = YES;
				CLANG_ENABLE_OBJC_ARC = YES;
				CLANG_ENABLE_OBJC_WEAK = YES;
				CLANG_WARN_BLOCK_CAPTURE_AUTORELEASING = YES;
				CLANG_WARN_BOOL_CONVERSION = YES;
				CLANG_WARN_COMMA = YES;
				CLANG_WARN_CONSTANT_CONVERSION = YES;
				CLANG_WARN_DEPRECATED_OBJC_IMPLEMENTATIONS = YES;
				CLANG_WARN_DIRECT_OBJC_ISA_USAGE = YES_ERROR;
				CLANG_WARN_DOCUMENTATION_COMMENTS = YES;
				CLANG_WARN_EMPTY_BODY = YES;
				CLANG_WARN_ENUM_CONVERSION = YES;
				CLANG_WARN_INFINITE_RECURSION = YES;
				CLANG_WARN_INT_CONVERSION = YES;
				CLANG_WARN_NON_LITERAL_NULL_CONVERSION = YES;
				CLANG_WARN_OBJC_IMPLICIT_RETAIN_SELF = YES;
				CLANG_WARN_OBJC_LITERAL_CONVERSION = YES;
				CLANG_WARN_OBJC_ROOT_CLASS = YES_ERROR;
				CLANG_WARN_QUOTED_INCLUDE_IN_FRAMEWORK_HEADER = YES;
				CLANG_WARN_RANGE_LOOP_ANALYSIS = YES;
				CLANG_WARN_STRICT_PROTOTYPES = YES;
				CLANG_WARN_SUSPICIOUS_MOVE = YES;
				CLANG_WARN_UNGUARDED_AVAILABILITY = YES_AGGRESSIVE;
				CLANG_WARN_UNREACHABLE_CODE = YES;
				CLANG_WARN__DUPLICATE_METHOD_MATCH = YES;
				COPY_PHASE_STRIP = NO;
				DEBUG_INFORMATION_FORMAT = "dwarf-with-dsym";
				ENABLE_NS_ASSERTIONS = NO;
				ENABLE_STRICT_OBJC_MSGSEND = YES;
				GCC_C_LANGUAGE_STANDARD = gnu11;
				GCC_NO_COMMON_BLOCKS = YES;
				GCC_PREPROCESSOR_DEFINITIONS = "CLEVERTAP_LOCATION=1";
				GCC_WARN_64_TO_32_BIT_CONVERSION = YES;
				GCC_WARN_ABOUT_RETURN_TYPE = YES_ERROR;
				GCC_WARN_UNDECLARED_SELECTOR = YES;
				GCC_WARN_UNINITIALIZED_AUTOS = YES_AGGRESSIVE;
				GCC_WARN_UNUSED_FUNCTION = YES;
				GCC_WARN_UNUSED_VARIABLE = YES;
				IPHONEOS_DEPLOYMENT_TARGET = 15.2;
				MTL_ENABLE_DEBUG_INFO = NO;
				MTL_FAST_MATH = YES;
				SDKROOT = iphoneos;
				SWIFT_COMPILATION_MODE = wholemodule;
				SWIFT_OPTIMIZATION_LEVEL = "-O";
				VALIDATE_PRODUCT = YES;
			};
			name = Release;
		};
		D66AD9E2291CE00600D64A95 /* Debug */ = {
			isa = XCBuildConfiguration;
			baseConfigurationReference = 529E805D2F55447865A39DFF /* Pods-CTIosIntegration.debug.xcconfig */;
			buildSettings = {
				ASSETCATALOG_COMPILER_APPICON_NAME = AppIcon;
				ASSETCATALOG_COMPILER_GLOBAL_ACCENT_COLOR_NAME = AccentColor;
				CODE_SIGN_STYLE = Automatic;
				CURRENT_PROJECT_VERSION = 1;
				DEVELOPMENT_ASSET_PATHS = "\"CTIosIntegration/Preview Content\"";
				ENABLE_PREVIEWS = YES;
				GENERATE_INFOPLIST_FILE = YES;
				INFOPLIST_FILE = CTIosIntegration/Info.plist;
				INFOPLIST_KEY_UIApplicationSceneManifest_Generation = YES;
				INFOPLIST_KEY_UIApplicationSupportsIndirectInputEvents = YES;
				INFOPLIST_KEY_UILaunchScreen_Generation = YES;
				INFOPLIST_KEY_UISupportedInterfaceOrientations_iPad = "UIInterfaceOrientationPortrait UIInterfaceOrientationPortraitUpsideDown UIInterfaceOrientationLandscapeLeft UIInterfaceOrientationLandscapeRight";
				INFOPLIST_KEY_UISupportedInterfaceOrientations_iPhone = "UIInterfaceOrientationPortrait UIInterfaceOrientationLandscapeLeft UIInterfaceOrientationLandscapeRight";
				LD_RUNPATH_SEARCH_PATHS = (
					"$(inherited)",
					"@executable_path/Frameworks",
				);
				MARKETING_VERSION = 1.0;
				PRODUCT_BUNDLE_IDENTIFIER = com.hrshyta.CTIosIntegration;
				PRODUCT_NAME = "$(TARGET_NAME)";
				SWIFT_EMIT_LOC_STRINGS = YES;
				SWIFT_VERSION = 5.0;
				TARGETED_DEVICE_FAMILY = "1,2";
			};
			name = Debug;
		};
		D66AD9E3291CE00600D64A95 /* Release */ = {
			isa = XCBuildConfiguration;
			baseConfigurationReference = C71D8E047AA20464B24734D8 /* Pods-CTIosIntegration.release.xcconfig */;
			buildSettings = {
				ASSETCATALOG_COMPILER_APPICON_NAME = AppIcon;
				ASSETCATALOG_COMPILER_GLOBAL_ACCENT_COLOR_NAME = AccentColor;
				CODE_SIGN_STYLE = Automatic;
				CURRENT_PROJECT_VERSION = 1;
				DEVELOPMENT_ASSET_PATHS = "\"CTIosIntegration/Preview Content\"";
				ENABLE_PREVIEWS = YES;
				GENERATE_INFOPLIST_FILE = YES;
				INFOPLIST_FILE = CTIosIntegration/Info.plist;
				INFOPLIST_KEY_UIApplicationSceneManifest_Generation = YES;
				INFOPLIST_KEY_UIApplicationSupportsIndirectInputEvents = YES;
				INFOPLIST_KEY_UILaunchScreen_Generation = YES;
				INFOPLIST_KEY_UISupportedInterfaceOrientations_iPad = "UIInterfaceOrientationPortrait UIInterfaceOrientationPortraitUpsideDown UIInterfaceOrientationLandscapeLeft UIInterfaceOrientationLandscapeRight";
				INFOPLIST_KEY_UISupportedInterfaceOrientations_iPhone = "UIInterfaceOrientationPortrait UIInterfaceOrientationLandscapeLeft UIInterfaceOrientationLandscapeRight";
				LD_RUNPATH_SEARCH_PATHS = (
					"$(inherited)",
					"@executable_path/Frameworks",
				);
				MARKETING_VERSION = 1.0;
				PRODUCT_BUNDLE_IDENTIFIER = com.hrshyta.CTIosIntegration;
				PRODUCT_NAME = "$(TARGET_NAME)";
				SWIFT_EMIT_LOC_STRINGS = YES;
				SWIFT_VERSION = 5.0;
				TARGETED_DEVICE_FAMILY = "1,2";
			};
			name = Release;
		};
		D66AD9E5291CE00600D64A95 /* Debug */ = {
			isa = XCBuildConfiguration;
			baseConfigurationReference = 583A4D4D24805EB858AEE477 /* Pods-CTIosIntegrationTests.debug.xcconfig */;
			buildSettings = {
				ALWAYS_EMBED_SWIFT_STANDARD_LIBRARIES = YES;
				BUNDLE_LOADER = "$(TEST_HOST)";
				CODE_SIGN_STYLE = Automatic;
				CURRENT_PROJECT_VERSION = 1;
				GENERATE_INFOPLIST_FILE = YES;
				IPHONEOS_DEPLOYMENT_TARGET = 15.2;
				MARKETING_VERSION = 1.0;
				PRODUCT_BUNDLE_IDENTIFIER = com.hrshyta.CTIosIntegrationTests;
				PRODUCT_NAME = "$(TARGET_NAME)";
				SWIFT_EMIT_LOC_STRINGS = NO;
				SWIFT_VERSION = 5.0;
				TARGETED_DEVICE_FAMILY = "1,2";
				TEST_HOST = "$(BUILT_PRODUCTS_DIR)/CTIosIntegration.app/CTIosIntegration";
			};
			name = Debug;
		};
		D66AD9E6291CE00600D64A95 /* Release */ = {
			isa = XCBuildConfiguration;
			baseConfigurationReference = E83109FEE8B0D7CD10AF3041 /* Pods-CTIosIntegrationTests.release.xcconfig */;
			buildSettings = {
				ALWAYS_EMBED_SWIFT_STANDARD_LIBRARIES = YES;
				BUNDLE_LOADER = "$(TEST_HOST)";
				CODE_SIGN_STYLE = Automatic;
				CURRENT_PROJECT_VERSION = 1;
				GENERATE_INFOPLIST_FILE = YES;
				IPHONEOS_DEPLOYMENT_TARGET = 15.2;
				MARKETING_VERSION = 1.0;
				PRODUCT_BUNDLE_IDENTIFIER = com.hrshyta.CTIosIntegrationTests;
				PRODUCT_NAME = "$(TARGET_NAME)";
				SWIFT_EMIT_LOC_STRINGS = NO;
				SWIFT_VERSION = 5.0;
				TARGETED_DEVICE_FAMILY = "1,2";
				TEST_HOST = "$(BUILT_PRODUCTS_DIR)/CTIosIntegration.app/CTIosIntegration";
			};
			name = Release;
		};
		D66AD9E8291CE00600D64A95 /* Debug */ = {
			isa = XCBuildConfiguration;
			baseConfigurationReference = DCCAAE6F19563795D151F904 /* Pods-CTIosIntegration-CTIosIntegrationUITests.debug.xcconfig */;
			buildSettings = {
				ALWAYS_EMBED_SWIFT_STANDARD_LIBRARIES = YES;
				CODE_SIGN_STYLE = Automatic;
				CURRENT_PROJECT_VERSION = 1;
				GENERATE_INFOPLIST_FILE = YES;
				MARKETING_VERSION = 1.0;
				PRODUCT_BUNDLE_IDENTIFIER = com.hrshyta.CTIosIntegrationUITests;
				PRODUCT_NAME = "$(TARGET_NAME)";
				SWIFT_EMIT_LOC_STRINGS = NO;
				SWIFT_VERSION = 5.0;
				TARGETED_DEVICE_FAMILY = "1,2";
				TEST_TARGET_NAME = CTIosIntegration;
			};
			name = Debug;
		};
		D66AD9E9291CE00600D64A95 /* Release */ = {
			isa = XCBuildConfiguration;
			baseConfigurationReference = 16C4F595101736FAE595C2DB /* Pods-CTIosIntegration-CTIosIntegrationUITests.release.xcconfig */;
			buildSettings = {
				ALWAYS_EMBED_SWIFT_STANDARD_LIBRARIES = YES;
				CODE_SIGN_STYLE = Automatic;
				CURRENT_PROJECT_VERSION = 1;
				GENERATE_INFOPLIST_FILE = YES;
				MARKETING_VERSION = 1.0;
				PRODUCT_BUNDLE_IDENTIFIER = com.hrshyta.CTIosIntegrationUITests;
				PRODUCT_NAME = "$(TARGET_NAME)";
				SWIFT_EMIT_LOC_STRINGS = NO;
				SWIFT_VERSION = 5.0;
				TARGETED_DEVICE_FAMILY = "1,2";
				TEST_TARGET_NAME = CTIosIntegration;
			};
			name = Release;
		};
/* End XCBuildConfiguration section */

/* Begin XCConfigurationList section */
		D66AD9B8291CE00400D64A95 /* Build configuration list for PBXProject "CTIosIntegration" */ = {
			isa = XCConfigurationList;
			buildConfigurations = (
				D66AD9DF291CE00600D64A95 /* Debug */,
				D66AD9E0291CE00600D64A95 /* Release */,
			);
			defaultConfigurationIsVisible = 0;
			defaultConfigurationName = Release;
		};
		D66AD9E1291CE00600D64A95 /* Build configuration list for PBXNativeTarget "CTIosIntegration" */ = {
			isa = XCConfigurationList;
			buildConfigurations = (
				D66AD9E2291CE00600D64A95 /* Debug */,
				D66AD9E3291CE00600D64A95 /* Release */,
			);
			defaultConfigurationIsVisible = 0;
			defaultConfigurationName = Release;
		};
		D66AD9E4291CE00600D64A95 /* Build configuration list for PBXNativeTarget "CTIosIntegrationTests" */ = {
			isa = XCConfigurationList;
			buildConfigurations = (
				D66AD9E5291CE00600D64A95 /* Debug */,
				D66AD9E6291CE00600D64A95 /* Release */,
			);
			defaultConfigurationIsVisible = 0;
			defaultConfigurationName = Release;
		};
		D66AD9E7291CE00600D64A95 /* Build configuration list for PBXNativeTarget "CTIosIntegrationUITests" */ = {
			isa = XCConfigurationList;
			buildConfigurations = (
				D66AD9E8291CE00600D64A95 /* Debug */,
				D66AD9E9291CE00600D64A95 /* Release */,
			);
			defaultConfigurationIsVisible = 0;
			defaultConfigurationName = Release;
		};
/* End XCConfigurationList section */
	};
	rootObject = D66AD9B5291CE00400D64A95 /* Project object */;
}
